// !$*UTF8*$!
{
	archiveVersion = 1;
	classes = {
	};
	objectVersion = 56;
	objects = {

/* Begin PBXBuildFile section */
		23183D4395B488208CF1C402 /* Pods_FreeWeather.framework in Frameworks */ = {isa = PBXBuildFile; fileRef = 7779120580C56AA04FCBB75A /* Pods_FreeWeather.framework */; };
		F42D8EDD2B7BE72700B19C06 /* UIColor-Extension.swift in Sources */ = {isa = PBXBuildFile; fileRef = F42D8EDC2B7BE72700B19C06 /* UIColor-Extension.swift */; };
		F47635E02B7B8DE40015F4A2 /* AppDelegate.swift in Sources */ = {isa = PBXBuildFile; fileRef = F47635DF2B7B8DE40015F4A2 /* AppDelegate.swift */; };
		F47635E22B7B8DE40015F4A2 /* SceneDelegate.swift in Sources */ = {isa = PBXBuildFile; fileRef = F47635E12B7B8DE40015F4A2 /* SceneDelegate.swift */; };
		F47635E42B7B8DE40015F4A2 /* ViewController.swift in Sources */ = {isa = PBXBuildFile; fileRef = F47635E32B7B8DE40015F4A2 /* ViewController.swift */; };
		F47635E92B7B8DE50015F4A2 /* Assets.xcassets in Resources */ = {isa = PBXBuildFile; fileRef = F47635E82B7B8DE50015F4A2 /* Assets.xcassets */; };
		F47635EC2B7B8DE50015F4A2 /* LaunchScreen.storyboard in Resources */ = {isa = PBXBuildFile; fileRef = F47635EA2B7B8DE50015F4A2 /* LaunchScreen.storyboard */; };
		F47635F52B7BAD5B0015F4A2 /* NetworkManager.swift in Sources */ = {isa = PBXBuildFile; fileRef = F47635F42B7BAD5B0015F4A2 /* NetworkManager.swift */; };
		F47635F82B7BB8290015F4A2 /* WeatherModel.swift in Sources */ = {isa = PBXBuildFile; fileRef = F47635F72B7BB8290015F4A2 /* WeatherModel.swift */; };
		F47635FA2B7BD39F0015F4A2 /* NetworkConstants.swift in Sources */ = {isa = PBXBuildFile; fileRef = F47635F92B7BD39F0015F4A2 /* NetworkConstants.swift */; };
/* End PBXBuildFile section */

/* Begin PBXFileReference section */
		7779120580C56AA04FCBB75A /* Pods_FreeWeather.framework */ = {isa = PBXFileReference; explicitFileType = wrapper.framework; includeInIndex = 0; path = Pods_FreeWeather.framework; sourceTree = BUILT_PRODUCTS_DIR; };
		95EA0B0BCA22BAC65A505E79 /* Pods-FreeWeather.release.xcconfig */ = {isa = PBXFileReference; includeInIndex = 1; lastKnownFileType = text.xcconfig; name = "Pods-FreeWeather.release.xcconfig"; path = "Target Support Files/Pods-FreeWeather/Pods-FreeWeather.release.xcconfig"; sourceTree = "<group>"; };
		A63B07BEF1C453CBC9AC16E1 /* Pods-FreeWeather.debug.xcconfig */ = {isa = PBXFileReference; includeInIndex = 1; lastKnownFileType = text.xcconfig; name = "Pods-FreeWeather.debug.xcconfig"; path = "Target Support Files/Pods-FreeWeather/Pods-FreeWeather.debug.xcconfig"; sourceTree = "<group>"; };
		F42D8EDC2B7BE72700B19C06 /* UIColor-Extension.swift */ = {isa = PBXFileReference; lastKnownFileType = sourcecode.swift; path = "UIColor-Extension.swift"; sourceTree = "<group>"; };
		F47635DC2B7B8DE40015F4A2 /* FreeWeather.app */ = {isa = PBXFileReference; explicitFileType = wrapper.application; includeInIndex = 0; path = FreeWeather.app; sourceTree = BUILT_PRODUCTS_DIR; };
		F47635DF2B7B8DE40015F4A2 /* AppDelegate.swift */ = {isa = PBXFileReference; lastKnownFileType = sourcecode.swift; path = AppDelegate.swift; sourceTree = "<group>"; };
		F47635E12B7B8DE40015F4A2 /* SceneDelegate.swift */ = {isa = PBXFileReference; lastKnownFileType = sourcecode.swift; path = SceneDelegate.swift; sourceTree = "<group>"; };
		F47635E32B7B8DE40015F4A2 /* ViewController.swift */ = {isa = PBXFileReference; lastKnownFileType = sourcecode.swift; path = ViewController.swift; sourceTree = "<group>"; };
		F47635E82B7B8DE50015F4A2 /* Assets.xcassets */ = {isa = PBXFileReference; lastKnownFileType = folder.assetcatalog; path = Assets.xcassets; sourceTree = "<group>"; };
		F47635EB2B7B8DE50015F4A2 /* Base */ = {isa = PBXFileReference; lastKnownFileType = file.storyboard; name = Base; path = Base.lproj/LaunchScreen.storyboard; sourceTree = "<group>"; };
		F47635ED2B7B8DE50015F4A2 /* Info.plist */ = {isa = PBXFileReference; lastKnownFileType = text.plist.xml; path = Info.plist; sourceTree = "<group>"; };
		F47635F42B7BAD5B0015F4A2 /* NetworkManager.swift */ = {isa = PBXFileReference; lastKnownFileType = sourcecode.swift; path = NetworkManager.swift; sourceTree = "<group>"; };
		F47635F72B7BB8290015F4A2 /* WeatherModel.swift */ = {isa = PBXFileReference; lastKnownFileType = sourcecode.swift; path = WeatherModel.swift; sourceTree = "<group>"; };
		F47635F92B7BD39F0015F4A2 /* NetworkConstants.swift */ = {isa = PBXFileReference; lastKnownFileType = sourcecode.swift; path = NetworkConstants.swift; sourceTree = "<group>"; };
/* End PBXFileReference section */

/* Begin PBXFrameworksBuildPhase section */
		F47635D92B7B8DE40015F4A2 /* Frameworks */ = {
			isa = PBXFrameworksBuildPhase;
			buildActionMask = 2147483647;
			files = (
				23183D4395B488208CF1C402 /* Pods_FreeWeather.framework in Frameworks */,
			);
			runOnlyForDeploymentPostprocessing = 0;
		};
/* End PBXFrameworksBuildPhase section */

/* Begin PBXGroup section */
		131E91940D5536D1A2174C0C /* Frameworks */ = {
			isa = PBXGroup;
			children = (
				7779120580C56AA04FCBB75A /* Pods_FreeWeather.framework */,
			);
			name = Frameworks;
			sourceTree = "<group>";
		};
		69D26384C1B8B04839D211C6 /* Pods */ = {
			isa = PBXGroup;
			children = (
				A63B07BEF1C453CBC9AC16E1 /* Pods-FreeWeather.debug.xcconfig */,
				95EA0B0BCA22BAC65A505E79 /* Pods-FreeWeather.release.xcconfig */,
			);
			path = Pods;
			sourceTree = "<group>";
		};
		F42D8EDB2B7BE71000B19C06 /* Extensions */ = {
			isa = PBXGroup;
			children = (
				F42D8EDC2B7BE72700B19C06 /* UIColor-Extension.swift */,
			);
			path = Extensions;
			sourceTree = "<group>";
		};
		F47635D32B7B8DE40015F4A2 = {
			isa = PBXGroup;
			children = (
				F47635DE2B7B8DE40015F4A2 /* FreeWeather */,
				F47635DD2B7B8DE40015F4A2 /* Products */,
				69D26384C1B8B04839D211C6 /* Pods */,
				131E91940D5536D1A2174C0C /* Frameworks */,
			);
			sourceTree = "<group>";
		};
		F47635DD2B7B8DE40015F4A2 /* Products */ = {
			isa = PBXGroup;
			children = (
				F47635DC2B7B8DE40015F4A2 /* FreeWeather.app */,
			);
			name = Products;
			sourceTree = "<group>";
		};
		F47635DE2B7B8DE40015F4A2 /* FreeWeather */ = {
			isa = PBXGroup;
			children = (
				F42D8EDB2B7BE71000B19C06 /* Extensions */,
				F47635F62B7BB7FF0015F4A2 /* Models */,
				F47635F32B7BAD4A0015F4A2 /* Networking */,
				F47635DF2B7B8DE40015F4A2 /* AppDelegate.swift */,
				F47635E12B7B8DE40015F4A2 /* SceneDelegate.swift */,
				F47635E32B7B8DE40015F4A2 /* ViewController.swift */,
				F47635E82B7B8DE50015F4A2 /* Assets.xcassets */,
				F47635EA2B7B8DE50015F4A2 /* LaunchScreen.storyboard */,
				F47635ED2B7B8DE50015F4A2 /* Info.plist */,
			);
			path = FreeWeather;
			sourceTree = "<group>";
		};
		F47635F32B7BAD4A0015F4A2 /* Networking */ = {
			isa = PBXGroup;
			children = (
				F47635F92B7BD39F0015F4A2 /* NetworkConstants.swift */,
				F47635F42B7BAD5B0015F4A2 /* NetworkManager.swift */,
			);
			path = Networking;
			sourceTree = "<group>";
		};
		F47635F62B7BB7FF0015F4A2 /* Models */ = {
			isa = PBXGroup;
			children = (
				F47635F72B7BB8290015F4A2 /* WeatherModel.swift */,
			);
			path = Models;
			sourceTree = "<group>";
		};
/* End PBXGroup section */

/* Begin PBXNativeTarget section */
		F47635DB2B7B8DE40015F4A2 /* FreeWeather */ = {
			isa = PBXNativeTarget;
			buildConfigurationList = F47635F02B7B8DE50015F4A2 /* Build configuration list for PBXNativeTarget "FreeWeather" */;
			buildPhases = (
				FFBF894307A3D6CEC976D7DA /* [CP] Check Pods Manifest.lock */,
				F47635D82B7B8DE40015F4A2 /* Sources */,
				F47635D92B7B8DE40015F4A2 /* Frameworks */,
				F47635DA2B7B8DE40015F4A2 /* Resources */,
				1BEF778F993BCD64BE43DCF3 /* [CP] Embed Pods Frameworks */,
			);
			buildRules = (
			);
			dependencies = (
			);
			name = FreeWeather;
			productName = FreeWeather;
			productReference = F47635DC2B7B8DE40015F4A2 /* FreeWeather.app */;
			productType = "com.apple.product-type.application";
		};
/* End PBXNativeTarget section */

/* Begin PBXProject section */
		F47635D42B7B8DE40015F4A2 /* Project object */ = {
			isa = PBXProject;
			attributes = {
				BuildIndependentTargetsInParallel = 1;
				LastSwiftUpdateCheck = 1510;
				LastUpgradeCheck = 1510;
				TargetAttributes = {
					F47635DB2B7B8DE40015F4A2 = {
						CreatedOnToolsVersion = 15.1;
					};
				};
			};
			buildConfigurationList = F47635D72B7B8DE40015F4A2 /* Build configuration list for PBXProject "FreeWeather" */;
			compatibilityVersion = "Xcode 14.0";
			developmentRegion = en;
			hasScannedForEncodings = 0;
			knownRegions = (
				en,
				Base,
			);
			mainGroup = F47635D32B7B8DE40015F4A2;
			productRefGroup = F47635DD2B7B8DE40015F4A2 /* Products */;
			projectDirPath = "";
			projectRoot = "";
			targets = (
				F47635DB2B7B8DE40015F4A2 /* FreeWeather */,
			);
		};
/* End PBXProject section */

/* Begin PBXResourcesBuildPhase section */
		F47635DA2B7B8DE40015F4A2 /* Resources */ = {
			isa = PBXResourcesBuildPhase;
			buildActionMask = 2147483647;
			files = (
				F47635EC2B7B8DE50015F4A2 /* LaunchScreen.storyboard in Resources */,
				F47635E92B7B8DE50015F4A2 /* Assets.xcassets in Resources */,
			);
			runOnlyForDeploymentPostprocessing = 0;
		};
/* End PBXResourcesBuildPhase section */

/* Begin PBXShellScriptBuildPhase section */
		1BEF778F993BCD64BE43DCF3 /* [CP] Embed Pods Frameworks */ = {
			isa = PBXShellScriptBuildPhase;
			buildActionMask = 2147483647;
			files = (
			);
			inputFileListPaths = (
				"${PODS_ROOT}/Target Support Files/Pods-FreeWeather/Pods-FreeWeather-frameworks-${CONFIGURATION}-input-files.xcfilelist",
			);
			name = "[CP] Embed Pods Frameworks";
			outputFileListPaths = (
				"${PODS_ROOT}/Target Support Files/Pods-FreeWeather/Pods-FreeWeather-frameworks-${CONFIGURATION}-output-files.xcfilelist",
			);
			runOnlyForDeploymentPostprocessing = 0;
			shellPath = /bin/sh;
			shellScript = "\"${PODS_ROOT}/Target Support Files/Pods-FreeWeather/Pods-FreeWeather-frameworks.sh\"\n";
			showEnvVarsInLog = 0;
		};
		FFBF894307A3D6CEC976D7DA /* [CP] Check Pods Manifest.lock */ = {
			isa = PBXShellScriptBuildPhase;
			buildActionMask = 2147483647;
			files = (
			);
			inputFileListPaths = (
			);
			inputPaths = (
				"${PODS_PODFILE_DIR_PATH}/Podfile.lock",
				"${PODS_ROOT}/Manifest.lock",
			);
			name = "[CP] Check Pods Manifest.lock";
			outputFileListPaths = (
			);
			outputPaths = (
				"$(DERIVED_FILE_DIR)/Pods-FreeWeather-checkManifestLockResult.txt",
			);
			runOnlyForDeploymentPostprocessing = 0;
			shellPath = /bin/sh;
			shellScript = "diff \"${PODS_PODFILE_DIR_PATH}/Podfile.lock\" \"${PODS_ROOT}/Manifest.lock\" > /dev/null\nif [ $? != 0 ] ; then\n    # print error to STDERR\n    echo \"error: The sandbox is not in sync with the Podfile.lock. Run 'pod install' or update your CocoaPods installation.\" >&2\n    exit 1\nfi\n# This output is used by Xcode 'outputs' to avoid re-running this script phase.\necho \"SUCCESS\" > \"${SCRIPT_OUTPUT_FILE_0}\"\n";
			showEnvVarsInLog = 0;
		};
/* End PBXShellScriptBuildPhase section */

/* Begin PBXSourcesBuildPhase section */
		F47635D82B7B8DE40015F4A2 /* Sources */ = {
			isa = PBXSourcesBuildPhase;
			buildActionMask = 2147483647;
			files = (
				F47635FA2B7BD39F0015F4A2 /* NetworkConstants.swift in Sources */,
				F47635F52B7BAD5B0015F4A2 /* NetworkManager.swift in Sources */,
				F47635E42B7B8DE40015F4A2 /* ViewController.swift in Sources */,
				F47635E02B7B8DE40015F4A2 /* AppDelegate.swift in Sources */,
				F47635E22B7B8DE40015F4A2 /* SceneDelegate.swift in Sources */,
				F42D8EDD2B7BE72700B19C06 /* UIColor-Extension.swift in Sources */,
				F47635F82B7BB8290015F4A2 /* WeatherModel.swift in Sources */,
			);
			runOnlyForDeploymentPostprocessing = 0;
		};
/* End PBXSourcesBuildPhase section */

/* Begin PBXVariantGroup section */
		F47635EA2B7B8DE50015F4A2 /* LaunchScreen.storyboard */ = {
			isa = PBXVariantGroup;
			children = (
				F47635EB2B7B8DE50015F4A2 /* Base */,
			);
			name = LaunchScreen.storyboard;
			sourceTree = "<group>";
		};
/* End PBXVariantGroup section */

/* Begin XCBuildConfiguration section */
		F47635EE2B7B8DE50015F4A2 /* Debug */ = {
			isa = XCBuildConfiguration;
			buildSettings = {
				ALWAYS_SEARCH_USER_PATHS = NO;
				ASSETCATALOG_COMPILER_GENERATE_SWIFT_ASSET_SYMBOL_EXTENSIONS = YES;
				CLANG_ANALYZER_NONNULL = YES;
				CLANG_ANALYZER_NUMBER_OBJECT_CONVERSION = YES_AGGRESSIVE;
				CLANG_CXX_LANGUAGE_STANDARD = "gnu++20";
				CLANG_ENABLE_MODULES = YES;
				CLANG_ENABLE_OBJC_ARC = YES;
				CLANG_ENABLE_OBJC_WEAK = YES;
				CLANG_WARN_BLOCK_CAPTURE_AUTORELEASING = YES;
				CLANG_WARN_BOOL_CONVERSION = YES;
				CLANG_WARN_COMMA = YES;
				CLANG_WARN_CONSTANT_CONVERSION = YES;
				CLANG_WARN_DEPRECATED_OBJC_IMPLEMENTATIONS = YES;
				CLANG_WARN_DIRECT_OBJC_ISA_USAGE = YES_ERROR;
				CLANG_WARN_DOCUMENTATION_COMMENTS = YES;
				CLANG_WARN_EMPTY_BODY = YES;
				CLANG_WARN_ENUM_CONVERSION = YES;
				CLANG_WARN_INFINITE_RECURSION = YES;
				CLANG_WARN_INT_CONVERSION = YES;
				CLANG_WARN_NON_LITERAL_NULL_CONVERSION = YES;
				CLANG_WARN_OBJC_IMPLICIT_RETAIN_SELF = YES;
				CLANG_WARN_OBJC_LITERAL_CONVERSION = YES;
				CLANG_WARN_OBJC_ROOT_CLASS = YES_ERROR;
				CLANG_WARN_QUOTED_INCLUDE_IN_FRAMEWORK_HEADER = YES;
				CLANG_WARN_RANGE_LOOP_ANALYSIS = YES;
				CLANG_WARN_STRICT_PROTOTYPES = YES;
				CLANG_WARN_SUSPICIOUS_MOVE = YES;
				CLANG_WARN_UNGUARDED_AVAILABILITY = YES_AGGRESSIVE;
				CLANG_WARN_UNREACHABLE_CODE = YES;
				CLANG_WARN__DUPLICATE_METHOD_MATCH = YES;
				COPY_PHASE_STRIP = NO;
				DEBUG_INFORMATION_FORMAT = dwarf;
				ENABLE_STRICT_OBJC_MSGSEND = YES;
				ENABLE_TESTABILITY = YES;
				ENABLE_USER_SCRIPT_SANDBOXING = YES;
				GCC_C_LANGUAGE_STANDARD = gnu17;
				GCC_DYNAMIC_NO_PIC = NO;
				GCC_NO_COMMON_BLOCKS = YES;
				GCC_OPTIMIZATION_LEVEL = 0;
				GCC_PREPROCESSOR_DEFINITIONS = (
					"DEBUG=1",
					"$(inherited)",
				);
				GCC_WARN_64_TO_32_BIT_CONVERSION = YES;
				GCC_WARN_ABOUT_RETURN_TYPE = YES_ERROR;
				GCC_WARN_UNDECLARED_SELECTOR = YES;
				GCC_WARN_UNINITIALIZED_AUTOS = YES_AGGRESSIVE;
				GCC_WARN_UNUSED_FUNCTION = YES;
				GCC_WARN_UNUSED_VARIABLE = YES;
				IPHONEOS_DEPLOYMENT_TARGET = 17.2;
				LOCALIZATION_PREFERS_STRING_CATALOGS = YES;
				MTL_ENABLE_DEBUG_INFO = INCLUDE_SOURCE;
				MTL_FAST_MATH = YES;
				ONLY_ACTIVE_ARCH = YES;
				SDKROOT = iphoneos;
				SWIFT_ACTIVE_COMPILATION_CONDITIONS = "DEBUG $(inherited)";
				SWIFT_OPTIMIZATION_LEVEL = "-Onone";
			};
			name = Debug;
		};
		F47635EF2B7B8DE50015F4A2 /* Release */ = {
			isa = XCBuildConfiguration;
			buildSettings = {
				ALWAYS_SEARCH_USER_PATHS = NO;
				ASSETCATALOG_COMPILER_GENERATE_SWIFT_ASSET_SYMBOL_EXTENSIONS = YES;
				CLANG_ANALYZER_NONNULL = YES;
				CLANG_ANALYZER_NUMBER_OBJECT_CONVERSION = YES_AGGRESSIVE;
				CLANG_CXX_LANGUAGE_STANDARD = "gnu++20";
				CLANG_ENABLE_MODULES = YES;
				CLANG_ENABLE_OBJC_ARC = YES;
				CLANG_ENABLE_OBJC_WEAK = YES;
				CLANG_WARN_BLOCK_CAPTURE_AUTORELEASING = YES;
				CLANG_WARN_BOOL_CONVERSION = YES;
				CLANG_WARN_COMMA = YES;
				CLANG_WARN_CONSTANT_CONVERSION = YES;
				CLANG_WARN_DEPRECATED_OBJC_IMPLEMENTATIONS = YES;
				CLANG_WARN_DIRECT_OBJC_ISA_USAGE = YES_ERROR;
				CLANG_WARN_DOCUMENTATION_COMMENTS = YES;
				CLANG_WARN_EMPTY_BODY = YES;
				CLANG_WARN_ENUM_CONVERSION = YES;
				CLANG_WARN_INFINITE_RECURSION = YES;
				CLANG_WARN_INT_CONVERSION = YES;
				CLANG_WARN_NON_LITERAL_NULL_CONVERSION = YES;
				CLANG_WARN_OBJC_IMPLICIT_RETAIN_SELF = YES;
				CLANG_WARN_OBJC_LITERAL_CONVERSION = YES;
				CLANG_WARN_OBJC_ROOT_CLASS = YES_ERROR;
				CLANG_WARN_QUOTED_INCLUDE_IN_FRAMEWORK_HEADER = YES;
				CLANG_WARN_RANGE_LOOP_ANALYSIS = YES;
				CLANG_WARN_STRICT_PROTOTYPES = YES;
				CLANG_WARN_SUSPICIOUS_MOVE = YES;
				CLANG_WARN_UNGUARDED_AVAILABILITY = YES_AGGRESSIVE;
				CLANG_WARN_UNREACHABLE_CODE = YES;
				CLANG_WARN__DUPLICATE_METHOD_MATCH = YES;
				COPY_PHASE_STRIP = NO;
				DEBUG_INFORMATION_FORMAT = "dwarf-with-dsym";
				ENABLE_NS_ASSERTIONS = NO;
				ENABLE_STRICT_OBJC_MSGSEND = YES;
				ENABLE_USER_SCRIPT_SANDBOXING = YES;
				GCC_C_LANGUAGE_STANDARD = gnu17;
				GCC_NO_COMMON_BLOCKS = YES;
				GCC_WARN_64_TO_32_BIT_CONVERSION = YES;
				GCC_WARN_ABOUT_RETURN_TYPE = YES_ERROR;
				GCC_WARN_UNDECLARED_SELECTOR = YES;
				GCC_WARN_UNINITIALIZED_AUTOS = YES_AGGRESSIVE;
				GCC_WARN_UNUSED_FUNCTION = YES;
				GCC_WARN_UNUSED_VARIABLE = YES;
				IPHONEOS_DEPLOYMENT_TARGET = 17.2;
				LOCALIZATION_PREFERS_STRING_CATALOGS = YES;
				MTL_ENABLE_DEBUG_INFO = NO;
				MTL_FAST_MATH = YES;
				SDKROOT = iphoneos;
				SWIFT_COMPILATION_MODE = wholemodule;
				VALIDATE_PRODUCT = YES;
			};
			name = Release;
		};
		F47635F12B7B8DE50015F4A2 /* Debug */ = {
			isa = XCBuildConfiguration;
			baseConfigurationReference = A63B07BEF1C453CBC9AC16E1 /* Pods-FreeWeather.debug.xcconfig */;
			buildSettings = {
				ASSETCATALOG_COMPILER_APPICON_NAME = AppIcon;
				ASSETCATALOG_COMPILER_GLOBAL_ACCENT_COLOR_NAME = AccentColor;
				CODE_SIGN_STYLE = Automatic;
				CURRENT_PROJECT_VERSION = 1;
				DEVELOPMENT_TEAM = 43YZMQV4U9;
				ENABLE_USER_SCRIPT_SANDBOXING = NO;
				GENERATE_INFOPLIST_FILE = YES;
				INFOPLIST_FILE = FreeWeather/Info.plist;
				INFOPLIST_KEY_UIApplicationSupportsIndirectInputEvents = YES;
				INFOPLIST_KEY_UILaunchStoryboardName = LaunchScreen;
				INFOPLIST_KEY_UIMainStoryboardFile = "";
				INFOPLIST_KEY_UISupportedInterfaceOrientations_iPad = "UIInterfaceOrientationPortrait UIInterfaceOrientationPortraitUpsideDown UIInterfaceOrientationLandscapeLeft UIInterfaceOrientationLandscapeRight";
				INFOPLIST_KEY_UISupportedInterfaceOrientations_iPhone = "UIInterfaceOrientationPortrait UIInterfaceOrientationLandscapeLeft UIInterfaceOrientationLandscapeRight";
				LD_RUNPATH_SEARCH_PATHS = (
					"$(inherited)",
					"@executable_path/Frameworks",
				);
				MARKETING_VERSION = 1.0;
				PRODUCT_BUNDLE_IDENTIFIER = com.codingwithfazlik.FreeWeather;
				PRODUCT_NAME = "$(TARGET_NAME)";
				SWIFT_EMIT_LOC_STRINGS = YES;
				SWIFT_VERSION = 5.0;
				TARGETED_DEVICE_FAMILY = "1,2";
			};
			name = Debug;
		};
		F47635F22B7B8DE50015F4A2 /* Release */ = {
			isa = XCBuildConfiguration;
			baseConfigurationReference = 95EA0B0BCA22BAC65A505E79 /* Pods-FreeWeather.release.xcconfig */;
			buildSettings = {
				ASSETCATALOG_COMPILER_APPICON_NAME = AppIcon;
				ASSETCATALOG_COMPILER_GLOBAL_ACCENT_COLOR_NAME = AccentColor;
				CODE_SIGN_STYLE = Automatic;
				CURRENT_PROJECT_VERSION = 1;
				DEVELOPMENT_TEAM = 43YZMQV4U9;
				ENABLE_USER_SCRIPT_SANDBOXING = NO;
				GENERATE_INFOPLIST_FILE = YES;
				INFOPLIST_FILE = FreeWeather/Info.plist;
				INFOPLIST_KEY_UIApplicationSupportsIndirectInputEvents = YES;
				INFOPLIST_KEY_UILaunchStoryboardName = LaunchScreen;
				INFOPLIST_KEY_UIMainStoryboardFile = "";
				INFOPLIST_KEY_UISupportedInterfaceOrientations_iPad = "UIInterfaceOrientationPortrait UIInterfaceOrientationPortraitUpsideDown UIInterfaceOrientationLandscapeLeft UIInterfaceOrientationLandscapeRight";
				INFOPLIST_KEY_UISupportedInterfaceOrientations_iPhone = "UIInterfaceOrientationPortrait UIInterfaceOrientationLandscapeLeft UIInterfaceOrientationLandscapeRight";
				LD_RUNPATH_SEARCH_PATHS = (
					"$(inherited)",
					"@executable_path/Frameworks",
				);
				MARKETING_VERSION = 1.0;
				PRODUCT_BUNDLE_IDENTIFIER = com.codingwithfazlik.FreeWeather;
				PRODUCT_NAME = "$(TARGET_NAME)";
				SWIFT_EMIT_LOC_STRINGS = YES;
				SWIFT_VERSION = 5.0;
				TARGETED_DEVICE_FAMILY = "1,2";
			};
			name = Release;
		};
/* End XCBuildConfiguration section */

/* Begin XCConfigurationList section */
		F47635D72B7B8DE40015F4A2 /* Build configuration list for PBXProject "FreeWeather" */ = {
			isa = XCConfigurationList;
			buildConfigurations = (
				F47635EE2B7B8DE50015F4A2 /* Debug */,
				F47635EF2B7B8DE50015F4A2 /* Release */,
			);
			defaultConfigurationIsVisible = 0;
			defaultConfigurationName = Release;
		};
		F47635F02B7B8DE50015F4A2 /* Build configuration list for PBXNativeTarget "FreeWeather" */ = {
			isa = XCConfigurationList;
			buildConfigurations = (
				F47635F12B7B8DE50015F4A2 /* Debug */,
				F47635F22B7B8DE50015F4A2 /* Release */,
			);
			defaultConfigurationIsVisible = 0;
			defaultConfigurationName = Release;
		};
/* End XCConfigurationList section */
	};
	rootObject = F47635D42B7B8DE40015F4A2 /* Project object */;
}
